
Microsoft Visual Studio Solution File, Format Version 12.00
# Visual Studio 15
VisualStudioVersion = 15.0.27130.2026
MinimumVisualStudioVersion = 10.0.40219.1
Project("{9A19103F-16F7-4668-BE54-9A1E7A4F7556}") = "HelloWorld", "hello-world\HelloWorld.csproj", "{9F3F3D39-3135-46BF-9F6C-78C143830E17}"
EndProject
Project("{9A19103F-16F7-4668-BE54-9A1E7A4F7556}") = "ReverseString", "reverse-string\ReverseString.csproj", "{8A5360A6-1D12-463B-B94A-C44AFA1E357A}"
EndProject
Project("{9A19103F-16F7-4668-BE54-9A1E7A4F7556}") = "Leap", "leap\Leap.csproj", "{28FF3B8F-D626-4D40-95B3-F969D8698E64}"
EndProject
Global
	GlobalSection(SolutionConfigurationPlatforms) = preSolution
		Debug|Any CPU = Debug|Any CPU
		Release|Any CPU = Release|Any CPU
	EndGlobalSection
	GlobalSection(ProjectConfigurationPlatforms) = postSolution
		{9F3F3D39-3135-46BF-9F6C-78C143830E17}.Debug|Any CPU.ActiveCfg = Debug|Any CPU
		{9F3F3D39-3135-46BF-9F6C-78C143830E17}.Debug|Any CPU.Build.0 = Debug|Any CPU
		{9F3F3D39-3135-46BF-9F6C-78C143830E17}.Release|Any CPU.ActiveCfg = Release|Any CPU
		{9F3F3D39-3135-46BF-9F6C-78C143830E17}.Release|Any CPU.Build.0 = Release|Any CPU
		{8A5360A6-1D12-463B-B94A-C44AFA1E357A}.Debug|Any CPU.ActiveCfg = Debug|Any CPU
		{8A5360A6-1D12-463B-B94A-C44AFA1E357A}.Debug|Any CPU.Build.0 = Debug|Any CPU
		{8A5360A6-1D12-463B-B94A-C44AFA1E357A}.Release|Any CPU.ActiveCfg = Release|Any CPU
		{8A5360A6-1D12-463B-B94A-C44AFA1E357A}.Release|Any CPU.Build.0 = Release|Any CPU
		{28FF3B8F-D626-4D40-95B3-F969D8698E64}.Debug|Any CPU.ActiveCfg = Debug|Any CPU
		{28FF3B8F-D626-4D40-95B3-F969D8698E64}.Debug|Any CPU.Build.0 = Debug|Any CPU
		{28FF3B8F-D626-4D40-95B3-F969D8698E64}.Release|Any CPU.ActiveCfg = Release|Any CPU
		{28FF3B8F-D626-4D40-95B3-F969D8698E64}.Release|Any CPU.Build.0 = Release|Any CPU
	EndGlobalSection
	GlobalSection(SolutionProperties) = preSolution
		HideSolutionNode = FALSE
	EndGlobalSection
	GlobalSection(ExtensibilityGlobals) = postSolution
		SolutionGuid = {9B2B3196-21A6-43A0-BFB7-37249C795FAC}
	EndGlobalSection
EndGlobal
